// !$*UTF8*$!
{
	archiveVersion = 1;
	classes = {
	};
	objectVersion = 56;
	objects = {

/* Begin PBXBuildFile section */
		0D086FB32C2B14C5007C4902 /* CompareViewModel.swift in Sources */ = {isa = PBXBuildFile; fileRef = 0D086FB22C2B14C5007C4902 /* CompareViewModel.swift */; };
		0D086FB62C2B1EF8007C4902 /* CompareViewController.swift in Sources */ = {isa = PBXBuildFile; fileRef = 0D086FB42C2B1EF8007C4902 /* CompareViewController.swift */; };
		0D086FB72C2B1EF8007C4902 /* CompareViewController.xib in Resources */ = {isa = PBXBuildFile; fileRef = 0D086FB52C2B1EF8007C4902 /* CompareViewController.xib */; };
		0D37B39F2BA30FA400023731 /* SkeletonView in Frameworks */ = {isa = PBXBuildFile; productRef = 0D37B39E2BA30FA400023731 /* SkeletonView */; };
		0D45BA9B2C26DBDD00661B28 /* CompareView.swift in Sources */ = {isa = PBXBuildFile; fileRef = 0D45BA9A2C26DBDD00661B28 /* CompareView.swift */; };
		0D45BA9D2C2843F900661B28 /* ImagePicker.swift in Sources */ = {isa = PBXBuildFile; fileRef = 0D45BA9C2C2843F900661B28 /* ImagePicker.swift */; };
		0D45BA9F2C2861B500661B28 /* ConditionalModifier.swift in Sources */ = {isa = PBXBuildFile; fileRef = 0D45BA9E2C2861B500661B28 /* ConditionalModifier.swift */; };
		0D4D81412BA7254C0059706D /* Lottie in Frameworks */ = {isa = PBXBuildFile; productRef = 0D4D81402BA7254C0059706D /* Lottie */; };
		0D4D81472BA727F70059706D /* welcome-colorful.json in Resources */ = {isa = PBXBuildFile; fileRef = 0D4D81422BA727F60059706D /* welcome-colorful.json */; };
		0D4D81492BA727F70059706D /* loader-cube.json in Resources */ = {isa = PBXBuildFile; fileRef = 0D4D81442BA727F60059706D /* loader-cube.json */; };
		0D4D814A2BA727F70059706D /* loader-infinity.json in Resources */ = {isa = PBXBuildFile; fileRef = 0D4D81452BA727F70059706D /* loader-infinity.json */; };
		0D4D814B2BA727F70059706D /* welcome.json in Resources */ = {isa = PBXBuildFile; fileRef = 0D4D81462BA727F70059706D /* welcome.json */; };
		0D4D814E2BA777600059706D /* Extensions.swift in Sources */ = {isa = PBXBuildFile; fileRef = 0D4D814D2BA777600059706D /* Extensions.swift */; };
		0D4D81502BA7824E0059706D /* diamond.json in Resources */ = {isa = PBXBuildFile; fileRef = 0D4D814F2BA7824E0059706D /* diamond.json */; };
		0D8378752BA44F3F00A91D3D /* TutorialViewController.swift in Sources */ = {isa = PBXBuildFile; fileRef = 0D8378732BA44F3F00A91D3D /* TutorialViewController.swift */; };
		0D8378762BA44F3F00A91D3D /* TutorialViewController.xib in Resources */ = {isa = PBXBuildFile; fileRef = 0D8378742BA44F3F00A91D3D /* TutorialViewController.xib */; };
		0D8643A62BA8AF96005C871F /* StoreKitTestCertificate.cer in Resources */ = {isa = PBXBuildFile; fileRef = 0D8643A52BA8AF96005C871F /* StoreKitTestCertificate.cer */; };
		0D9E778C2BA8861900357F78 /* ParagraphTableViewCell.swift in Sources */ = {isa = PBXBuildFile; fileRef = 0D9E778A2BA8861900357F78 /* ParagraphTableViewCell.swift */; };
		0D9E778D2BA8861900357F78 /* ParagraphTableViewCell.xib in Resources */ = {isa = PBXBuildFile; fileRef = 0D9E778B2BA8861900357F78 /* ParagraphTableViewCell.xib */; };
		0D9E77902BA898CB00357F78 /* ComparisonTableViewCell.swift in Sources */ = {isa = PBXBuildFile; fileRef = 0D9E778E2BA898CB00357F78 /* ComparisonTableViewCell.swift */; };
		0D9E77912BA898CB00357F78 /* ComparisonTableViewCell.xib in Resources */ = {isa = PBXBuildFile; fileRef = 0D9E778F2BA898CB00357F78 /* ComparisonTableViewCell.xib */; };
		0DB1D0162BA18B0B006A528A /* AppDelegate.swift in Sources */ = {isa = PBXBuildFile; fileRef = 0DB1D0152BA18B0B006A528A /* AppDelegate.swift */; };
		0DB1D0182BA18B0B006A528A /* SceneDelegate.swift in Sources */ = {isa = PBXBuildFile; fileRef = 0DB1D0172BA18B0B006A528A /* SceneDelegate.swift */; };
		0DB1D01D2BA18B0B006A528A /* Main.storyboard in Resources */ = {isa = PBXBuildFile; fileRef = 0DB1D01B2BA18B0B006A528A /* Main.storyboard */; };
		0DB1D01F2BA18B0C006A528A /* Assets.xcassets in Resources */ = {isa = PBXBuildFile; fileRef = 0DB1D01E2BA18B0C006A528A /* Assets.xcassets */; };
		0DB1D0222BA18B0C006A528A /* LaunchScreen.storyboard in Resources */ = {isa = PBXBuildFile; fileRef = 0DB1D0202BA18B0C006A528A /* LaunchScreen.storyboard */; };
		0DB1D02B2BA18B46006A528A /* GoogleGenerativeAI in Frameworks */ = {isa = PBXBuildFile; productRef = 0DB1D02A2BA18B46006A528A /* GoogleGenerativeAI */; };
		0DB1D02D2BA18B89006A528A /* AiModel.swift in Sources */ = {isa = PBXBuildFile; fileRef = 0DB1D02C2BA18B89006A528A /* AiModel.swift */; };
		0DB1D0332BA1CAEE006A528A /* Keys.plist in Resources */ = {isa = PBXBuildFile; fileRef = 0DB1D0322BA1CAEE006A528A /* Keys.plist */; };
		0DB1D0392BA20AC6006A528A /* TaglistCollection.swift in Sources */ = {isa = PBXBuildFile; fileRef = 0DB1D0342BA20AC6006A528A /* TaglistCollection.swift */; };
		0DB1D03A2BA20AC6006A528A /* Theme.swift in Sources */ = {isa = PBXBuildFile; fileRef = 0DB1D0352BA20AC6006A528A /* Theme.swift */; };
		0DB1D03B2BA20AC6006A528A /* CloseButton.swift in Sources */ = {isa = PBXBuildFile; fileRef = 0DB1D0362BA20AC6006A528A /* CloseButton.swift */; };
		0DB1D03C2BA20AC6006A528A /* StringExtentions.swift in Sources */ = {isa = PBXBuildFile; fileRef = 0DB1D0372BA20AC6006A528A /* StringExtentions.swift */; };
		0DB1D03D2BA20AC6006A528A /* TagCollectionCell.swift in Sources */ = {isa = PBXBuildFile; fileRef = 0DB1D0382BA20AC6006A528A /* TagCollectionCell.swift */; };
		0DB1D0402BA20B66006A528A /* TagCollectionCell.xib in Resources */ = {isa = PBXBuildFile; fileRef = 0DB1D03F2BA20B66006A528A /* TagCollectionCell.xib */; };
		0DD201EA2BA48BF700BA0D05 /* StoreKit.framework in Frameworks */ = {isa = PBXBuildFile; fileRef = 0DD201E92BA48BF700BA0D05 /* StoreKit.framework */; };
		0DD201F32BA48E6500BA0D05 /* PremiumViewController.swift in Sources */ = {isa = PBXBuildFile; fileRef = 0DD201F12BA48E6500BA0D05 /* PremiumViewController.swift */; };
		0DD201F42BA48E6500BA0D05 /* PremiumViewController.xib in Resources */ = {isa = PBXBuildFile; fileRef = 0DD201F22BA48E6500BA0D05 /* PremiumViewController.xib */; };
		0DD201F72BA4914800BA0D05 /* KeychainItem.swift in Sources */ = {isa = PBXBuildFile; fileRef = 0DD201F62BA4914800BA0D05 /* KeychainItem.swift */; };
/* End PBXBuildFile section */

/* Begin PBXFileReference section */
		0D086FB22C2B14C5007C4902 /* CompareViewModel.swift */ = {isa = PBXFileReference; lastKnownFileType = sourcecode.swift; path = CompareViewModel.swift; sourceTree = "<group>"; };
		0D086FB42C2B1EF8007C4902 /* CompareViewController.swift */ = {isa = PBXFileReference; lastKnownFileType = sourcecode.swift; path = CompareViewController.swift; sourceTree = "<group>"; };
		0D086FB52C2B1EF8007C4902 /* CompareViewController.xib */ = {isa = PBXFileReference; lastKnownFileType = file.xib; path = CompareViewController.xib; sourceTree = "<group>"; };
		0D45BA9A2C26DBDD00661B28 /* CompareView.swift */ = {isa = PBXFileReference; lastKnownFileType = sourcecode.swift; path = CompareView.swift; sourceTree = "<group>"; };
		0D45BA9C2C2843F900661B28 /* ImagePicker.swift */ = {isa = PBXFileReference; lastKnownFileType = sourcecode.swift; path = ImagePicker.swift; sourceTree = "<group>"; };
		0D45BA9E2C2861B500661B28 /* ConditionalModifier.swift */ = {isa = PBXFileReference; lastKnownFileType = sourcecode.swift; path = ConditionalModifier.swift; sourceTree = "<group>"; };
		0D4D81422BA727F60059706D /* welcome-colorful.json */ = {isa = PBXFileReference; fileEncoding = 4; lastKnownFileType = text.json; path = "welcome-colorful.json"; sourceTree = "<group>"; };
		0D4D81442BA727F60059706D /* loader-cube.json */ = {isa = PBXFileReference; fileEncoding = 4; lastKnownFileType = text.json; path = "loader-cube.json"; sourceTree = "<group>"; };
		0D4D81452BA727F70059706D /* loader-infinity.json */ = {isa = PBXFileReference; fileEncoding = 4; lastKnownFileType = text.json; path = "loader-infinity.json"; sourceTree = "<group>"; };
		0D4D81462BA727F70059706D /* welcome.json */ = {isa = PBXFileReference; fileEncoding = 4; lastKnownFileType = text.json; path = welcome.json; sourceTree = "<group>"; };
		0D4D814D2BA777600059706D /* Extensions.swift */ = {isa = PBXFileReference; lastKnownFileType = sourcecode.swift; path = Extensions.swift; sourceTree = "<group>"; };
		0D4D814F2BA7824E0059706D /* diamond.json */ = {isa = PBXFileReference; fileEncoding = 4; lastKnownFileType = text.json; path = diamond.json; sourceTree = "<group>"; };
		0D8378732BA44F3F00A91D3D /* TutorialViewController.swift */ = {isa = PBXFileReference; lastKnownFileType = sourcecode.swift; path = TutorialViewController.swift; sourceTree = "<group>"; };
		0D8378742BA44F3F00A91D3D /* TutorialViewController.xib */ = {isa = PBXFileReference; lastKnownFileType = file.xib; path = TutorialViewController.xib; sourceTree = "<group>"; };
		0D8643A52BA8AF96005C871F /* StoreKitTestCertificate.cer */ = {isa = PBXFileReference; lastKnownFileType = file; path = StoreKitTestCertificate.cer; sourceTree = "<group>"; };
		0D9E778A2BA8861900357F78 /* ParagraphTableViewCell.swift */ = {isa = PBXFileReference; lastKnownFileType = sourcecode.swift; path = ParagraphTableViewCell.swift; sourceTree = "<group>"; };
		0D9E778B2BA8861900357F78 /* ParagraphTableViewCell.xib */ = {isa = PBXFileReference; lastKnownFileType = file.xib; path = ParagraphTableViewCell.xib; sourceTree = "<group>"; };
		0D9E778E2BA898CB00357F78 /* ComparisonTableViewCell.swift */ = {isa = PBXFileReference; lastKnownFileType = sourcecode.swift; path = ComparisonTableViewCell.swift; sourceTree = "<group>"; };
		0D9E778F2BA898CB00357F78 /* ComparisonTableViewCell.xib */ = {isa = PBXFileReference; lastKnownFileType = file.xib; path = ComparisonTableViewCell.xib; sourceTree = "<group>"; };
		0DB1D0122BA18B0B006A528A /* Compare-It.app */ = {isa = PBXFileReference; explicitFileType = wrapper.application; includeInIndex = 0; path = "Compare-It.app"; sourceTree = BUILT_PRODUCTS_DIR; };
		0DB1D0152BA18B0B006A528A /* AppDelegate.swift */ = {isa = PBXFileReference; lastKnownFileType = sourcecode.swift; path = AppDelegate.swift; sourceTree = "<group>"; };
		0DB1D0172BA18B0B006A528A /* SceneDelegate.swift */ = {isa = PBXFileReference; lastKnownFileType = sourcecode.swift; path = SceneDelegate.swift; sourceTree = "<group>"; };
		0DB1D01C2BA18B0B006A528A /* Base */ = {isa = PBXFileReference; lastKnownFileType = file.storyboard; name = Base; path = Base.lproj/Main.storyboard; sourceTree = "<group>"; };
		0DB1D01E2BA18B0C006A528A /* Assets.xcassets */ = {isa = PBXFileReference; lastKnownFileType = folder.assetcatalog; path = Assets.xcassets; sourceTree = "<group>"; };
		0DB1D0212BA18B0C006A528A /* Base */ = {isa = PBXFileReference; lastKnownFileType = file.storyboard; name = Base; path = Base.lproj/LaunchScreen.storyboard; sourceTree = "<group>"; };
		0DB1D0232BA18B0C006A528A /* Info.plist */ = {isa = PBXFileReference; lastKnownFileType = text.plist.xml; path = Info.plist; sourceTree = "<group>"; };
		0DB1D02C2BA18B89006A528A /* AiModel.swift */ = {isa = PBXFileReference; lastKnownFileType = sourcecode.swift; path = AiModel.swift; sourceTree = "<group>"; };
		0DB1D0322BA1CAEE006A528A /* Keys.plist */ = {isa = PBXFileReference; lastKnownFileType = text.plist.xml; path = Keys.plist; sourceTree = "<group>"; };
		0DB1D0342BA20AC6006A528A /* TaglistCollection.swift */ = {isa = PBXFileReference; fileEncoding = 4; lastKnownFileType = sourcecode.swift; path = TaglistCollection.swift; sourceTree = "<group>"; };
		0DB1D0352BA20AC6006A528A /* Theme.swift */ = {isa = PBXFileReference; fileEncoding = 4; lastKnownFileType = sourcecode.swift; path = Theme.swift; sourceTree = "<group>"; };
		0DB1D0362BA20AC6006A528A /* CloseButton.swift */ = {isa = PBXFileReference; fileEncoding = 4; lastKnownFileType = sourcecode.swift; path = CloseButton.swift; sourceTree = "<group>"; };
		0DB1D0372BA20AC6006A528A /* StringExtentions.swift */ = {isa = PBXFileReference; fileEncoding = 4; lastKnownFileType = sourcecode.swift; path = StringExtentions.swift; sourceTree = "<group>"; };
		0DB1D0382BA20AC6006A528A /* TagCollectionCell.swift */ = {isa = PBXFileReference; fileEncoding = 4; lastKnownFileType = sourcecode.swift; path = TagCollectionCell.swift; sourceTree = "<group>"; };
		0DB1D03F2BA20B66006A528A /* TagCollectionCell.xib */ = {isa = PBXFileReference; fileEncoding = 4; lastKnownFileType = file.xib; path = TagCollectionCell.xib; sourceTree = "<group>"; };
		0DD201E92BA48BF700BA0D05 /* StoreKit.framework */ = {isa = PBXFileReference; lastKnownFileType = wrapper.framework; name = StoreKit.framework; path = System/Library/Frameworks/StoreKit.framework; sourceTree = SDKROOT; };
		0DD201EB2BA48C0200BA0D05 /* Compare.entitlements */ = {isa = PBXFileReference; lastKnownFileType = text.plist.entitlements; path = Compare.entitlements; sourceTree = "<group>"; };
		0DD201F12BA48E6500BA0D05 /* PremiumViewController.swift */ = {isa = PBXFileReference; lastKnownFileType = sourcecode.swift; path = PremiumViewController.swift; sourceTree = "<group>"; };
		0DD201F22BA48E6500BA0D05 /* PremiumViewController.xib */ = {isa = PBXFileReference; lastKnownFileType = file.xib; path = PremiumViewController.xib; sourceTree = "<group>"; };
		0DD201F62BA4914800BA0D05 /* KeychainItem.swift */ = {isa = PBXFileReference; lastKnownFileType = sourcecode.swift; path = KeychainItem.swift; sourceTree = "<group>"; };
		0DD201F82BA4BE0400BA0D05 /* Test.storekit */ = {isa = PBXFileReference; lastKnownFileType = text; name = Test.storekit; path = Compare/Test.storekit; sourceTree = SOURCE_ROOT; };
/* End PBXFileReference section */

/* Begin PBXFrameworksBuildPhase section */
		0DB1D00F2BA18B0B006A528A /* Frameworks */ = {
			isa = PBXFrameworksBuildPhase;
			buildActionMask = 2147483647;
			files = (
				0DD201EA2BA48BF700BA0D05 /* StoreKit.framework in Frameworks */,
				0D37B39F2BA30FA400023731 /* SkeletonView in Frameworks */,
				0DB1D02B2BA18B46006A528A /* GoogleGenerativeAI in Frameworks */,
				0D4D81412BA7254C0059706D /* Lottie in Frameworks */,
			);
			runOnlyForDeploymentPostprocessing = 0;
		};
/* End PBXFrameworksBuildPhase section */

/* Begin PBXGroup section */
		0D4D814C2BA727FE0059706D /* Resources */ = {
			isa = PBXGroup;
			children = (
				0D4D81442BA727F60059706D /* loader-cube.json */,
				0D4D81452BA727F70059706D /* loader-infinity.json */,
				0D4D81422BA727F60059706D /* welcome-colorful.json */,
				0D4D81462BA727F70059706D /* welcome.json */,
				0D4D814F2BA7824E0059706D /* diamond.json */,
			);
			path = Resources;
			sourceTree = "<group>";
		};
		0D8378772BA44F5300A91D3D /* Tutorial Screen */ = {
			isa = PBXGroup;
			children = (
				0D8378732BA44F3F00A91D3D /* TutorialViewController.swift */,
				0D8378742BA44F3F00A91D3D /* TutorialViewController.xib */,
			);
			path = "Tutorial Screen";
			sourceTree = "<group>";
		};
		0D8378782BA44F6100A91D3D /* Home Screen */ = {
			isa = PBXGroup;
			children = (
				0D086FB22C2B14C5007C4902 /* CompareViewModel.swift */,
				0D086FB52C2B1EF8007C4902 /* CompareViewController.xib */,
				0D086FB42C2B1EF8007C4902 /* CompareViewController.swift */,
				0D45BA9A2C26DBDD00661B28 /* CompareView.swift */,
				0D45BA9C2C2843F900661B28 /* ImagePicker.swift */,
				0D45BA9E2C2861B500661B28 /* ConditionalModifier.swift */,
				0DB1D03E2BA20ACF006A528A /* Taglist */,
				0D9E778A2BA8861900357F78 /* ParagraphTableViewCell.swift */,
				0D9E778B2BA8861900357F78 /* ParagraphTableViewCell.xib */,
				0D9E778E2BA898CB00357F78 /* ComparisonTableViewCell.swift */,
				0D9E778F2BA898CB00357F78 /* ComparisonTableViewCell.xib */,
			);
			path = "Home Screen";
			sourceTree = "<group>";
		};
		0DB1D0092BA18B0B006A528A = {
			isa = PBXGroup;
			children = (
				0DB1D0142BA18B0B006A528A /* Compare */,
				0DB1D0132BA18B0B006A528A /* Products */,
				0DD201E82BA48BF700BA0D05 /* Frameworks */,
			);
			sourceTree = "<group>";
		};
		0DB1D0132BA18B0B006A528A /* Products */ = {
			isa = PBXGroup;
			children = (
				0DB1D0122BA18B0B006A528A /* Compare-It.app */,
			);
			name = Products;
			sourceTree = "<group>";
		};
		0DB1D0142BA18B0B006A528A /* Compare */ = {
			isa = PBXGroup;
			children = (
				0DD201EB2BA48C0200BA0D05 /* Compare.entitlements */,
				0DB1D0152BA18B0B006A528A /* AppDelegate.swift */,
				0DB1D0172BA18B0B006A528A /* SceneDelegate.swift */,
				0DB1D02C2BA18B89006A528A /* AiModel.swift */,
				0D4D814D2BA777600059706D /* Extensions.swift */,
				0D8378782BA44F6100A91D3D /* Home Screen */,
				0D8378772BA44F5300A91D3D /* Tutorial Screen */,
				0DD201F52BA48E6B00BA0D05 /* PremiumScreen */,
				0D4D814C2BA727FE0059706D /* Resources */,
				0DB1D0322BA1CAEE006A528A /* Keys.plist */,
				0DB1D01E2BA18B0C006A528A /* Assets.xcassets */,
				0DB1D0202BA18B0C006A528A /* LaunchScreen.storyboard */,
				0DB1D01B2BA18B0B006A528A /* Main.storyboard */,
				0DB1D0232BA18B0C006A528A /* Info.plist */,
				0DD201F82BA4BE0400BA0D05 /* Test.storekit */,
				0D8643A52BA8AF96005C871F /* StoreKitTestCertificate.cer */,
			);
			path = Compare;
			sourceTree = "<group>";
		};
		0DB1D03E2BA20ACF006A528A /* Taglist */ = {
			isa = PBXGroup;
			children = (
				0DB1D0362BA20AC6006A528A /* CloseButton.swift */,
				0DB1D0372BA20AC6006A528A /* StringExtentions.swift */,
				0DB1D0342BA20AC6006A528A /* TaglistCollection.swift */,
				0DB1D0382BA20AC6006A528A /* TagCollectionCell.swift */,
				0DB1D03F2BA20B66006A528A /* TagCollectionCell.xib */,
				0DB1D0352BA20AC6006A528A /* Theme.swift */,
			);
			path = Taglist;
			sourceTree = "<group>";
		};
		0DD201E82BA48BF700BA0D05 /* Frameworks */ = {
			isa = PBXGroup;
			children = (
				0DD201E92BA48BF700BA0D05 /* StoreKit.framework */,
			);
			name = Frameworks;
			sourceTree = "<group>";
		};
		0DD201F52BA48E6B00BA0D05 /* PremiumScreen */ = {
			isa = PBXGroup;
			children = (
				0DD201F12BA48E6500BA0D05 /* PremiumViewController.swift */,
				0DD201F22BA48E6500BA0D05 /* PremiumViewController.xib */,
				0DD201F62BA4914800BA0D05 /* KeychainItem.swift */,
			);
			path = PremiumScreen;
			sourceTree = "<group>";
		};
/* End PBXGroup section */

/* Begin PBXNativeTarget section */
		0DB1D0112BA18B0B006A528A /* Compare */ = {
			isa = PBXNativeTarget;
			buildConfigurationList = 0DB1D0262BA18B0C006A528A /* Build configuration list for PBXNativeTarget "Compare" */;
			buildPhases = (
				0DB1D00E2BA18B0B006A528A /* Sources */,
				0DB1D00F2BA18B0B006A528A /* Frameworks */,
				0DB1D0102BA18B0B006A528A /* Resources */,
			);
			buildRules = (
			);
			dependencies = (
			);
			name = Compare;
			packageProductDependencies = (
				0DB1D02A2BA18B46006A528A /* GoogleGenerativeAI */,
				0D37B39E2BA30FA400023731 /* SkeletonView */,
				0D4D81402BA7254C0059706D /* Lottie */,
			);
			productName = Compare;
			productReference = 0DB1D0122BA18B0B006A528A /* Compare-It.app */;
			productType = "com.apple.product-type.application";
		};
/* End PBXNativeTarget section */

/* Begin PBXProject section */
		0DB1D00A2BA18B0B006A528A /* Project object */ = {
			isa = PBXProject;
			attributes = {
				BuildIndependentTargetsInParallel = 1;
				LastSwiftUpdateCheck = 1500;
				LastUpgradeCheck = 1500;
				TargetAttributes = {
					0DB1D0112BA18B0B006A528A = {
						CreatedOnToolsVersion = 15.0.1;
					};
				};
			};
			buildConfigurationList = 0DB1D00D2BA18B0B006A528A /* Build configuration list for PBXProject "Compare" */;
			compatibilityVersion = "Xcode 14.0";
			developmentRegion = en;
			hasScannedForEncodings = 0;
			knownRegions = (
				en,
				Base,
			);
			mainGroup = 0DB1D0092BA18B0B006A528A;
			packageReferences = (
				0DB1D0292BA18B46006A528A /* XCRemoteSwiftPackageReference "generative-ai-swift" */,
				0D37B39D2BA30FA400023731 /* XCRemoteSwiftPackageReference "SkeletonView" */,
				0D4D813F2BA7254C0059706D /* XCRemoteSwiftPackageReference "lottie-spm" */,
			);
			productRefGroup = 0DB1D0132BA18B0B006A528A /* Products */;
			projectDirPath = "";
			projectRoot = "";
			targets = (
				0DB1D0112BA18B0B006A528A /* Compare */,
			);
		};
/* End PBXProject section */

/* Begin PBXResourcesBuildPhase section */
		0DB1D0102BA18B0B006A528A /* Resources */ = {
			isa = PBXResourcesBuildPhase;
			buildActionMask = 2147483647;
			files = (
				0D086FB72C2B1EF8007C4902 /* CompareViewController.xib in Resources */,
				0D4D814B2BA727F70059706D /* welcome.json in Resources */,
				0D4D81492BA727F70059706D /* loader-cube.json in Resources */,
				0D8378762BA44F3F00A91D3D /* TutorialViewController.xib in Resources */,
				0DB1D0222BA18B0C006A528A /* LaunchScreen.storyboard in Resources */,
				0D9E77912BA898CB00357F78 /* ComparisonTableViewCell.xib in Resources */,
				0D8643A62BA8AF96005C871F /* StoreKitTestCertificate.cer in Resources */,
				0D4D81502BA7824E0059706D /* diamond.json in Resources */,
				0DD201F42BA48E6500BA0D05 /* PremiumViewController.xib in Resources */,
				0DB1D01F2BA18B0C006A528A /* Assets.xcassets in Resources */,
				0D4D81472BA727F70059706D /* welcome-colorful.json in Resources */,
				0D4D814A2BA727F70059706D /* loader-infinity.json in Resources */,
				0DB1D01D2BA18B0B006A528A /* Main.storyboard in Resources */,
				0DB1D0332BA1CAEE006A528A /* Keys.plist in Resources */,
				0DB1D0402BA20B66006A528A /* TagCollectionCell.xib in Resources */,
				0D9E778D2BA8861900357F78 /* ParagraphTableViewCell.xib in Resources */,
			);
			runOnlyForDeploymentPostprocessing = 0;
		};
/* End PBXResourcesBuildPhase section */

/* Begin PBXSourcesBuildPhase section */
		0DB1D00E2BA18B0B006A528A /* Sources */ = {
			isa = PBXSourcesBuildPhase;
			buildActionMask = 2147483647;
			files = (
				0DD201F32BA48E6500BA0D05 /* PremiumViewController.swift in Sources */,
				0D9E778C2BA8861900357F78 /* ParagraphTableViewCell.swift in Sources */,
				0D45BA9D2C2843F900661B28 /* ImagePicker.swift in Sources */,
				0DB1D03C2BA20AC6006A528A /* StringExtentions.swift in Sources */,
				0D8378752BA44F3F00A91D3D /* TutorialViewController.swift in Sources */,
				0DB1D03D2BA20AC6006A528A /* TagCollectionCell.swift in Sources */,
				0D086FB32C2B14C5007C4902 /* CompareViewModel.swift in Sources */,
				0DB1D0162BA18B0B006A528A /* AppDelegate.swift in Sources */,
				0D9E77902BA898CB00357F78 /* ComparisonTableViewCell.swift in Sources */,
				0DB1D0182BA18B0B006A528A /* SceneDelegate.swift in Sources */,
				0DB1D03A2BA20AC6006A528A /* Theme.swift in Sources */,
				0D086FB62C2B1EF8007C4902 /* CompareViewController.swift in Sources */,
				0DD201F72BA4914800BA0D05 /* KeychainItem.swift in Sources */,
				0D4D814E2BA777600059706D /* Extensions.swift in Sources */,
				0D45BA9F2C2861B500661B28 /* ConditionalModifier.swift in Sources */,
				0DB1D03B2BA20AC6006A528A /* CloseButton.swift in Sources */,
				0DB1D02D2BA18B89006A528A /* AiModel.swift in Sources */,
				0D45BA9B2C26DBDD00661B28 /* CompareView.swift in Sources */,
				0DB1D0392BA20AC6006A528A /* TaglistCollection.swift in Sources */,
			);
			runOnlyForDeploymentPostprocessing = 0;
		};
/* End PBXSourcesBuildPhase section */

/* Begin PBXVariantGroup section */
		0DB1D01B2BA18B0B006A528A /* Main.storyboard */ = {
			isa = PBXVariantGroup;
			children = (
				0DB1D01C2BA18B0B006A528A /* Base */,
			);
			name = Main.storyboard;
			sourceTree = "<group>";
		};
		0DB1D0202BA18B0C006A528A /* LaunchScreen.storyboard */ = {
			isa = PBXVariantGroup;
			children = (
				0DB1D0212BA18B0C006A528A /* Base */,
			);
			name = LaunchScreen.storyboard;
			sourceTree = "<group>";
		};
/* End PBXVariantGroup section */

/* Begin XCBuildConfiguration section */
		0DB1D0242BA18B0C006A528A /* Debug */ = {
			isa = XCBuildConfiguration;
			buildSettings = {
				ALWAYS_SEARCH_USER_PATHS = NO;
				ASSETCATALOG_COMPILER_GENERATE_SWIFT_ASSET_SYMBOL_EXTENSIONS = YES;
				CLANG_ANALYZER_NONNULL = YES;
				CLANG_ANALYZER_NUMBER_OBJECT_CONVERSION = YES_AGGRESSIVE;
				CLANG_CXX_LANGUAGE_STANDARD = "gnu++20";
				CLANG_ENABLE_MODULES = YES;
				CLANG_ENABLE_OBJC_ARC = YES;
				CLANG_ENABLE_OBJC_WEAK = YES;
				CLANG_WARN_BLOCK_CAPTURE_AUTORELEASING = YES;
				CLANG_WARN_BOOL_CONVERSION = YES;
				CLANG_WARN_COMMA = YES;
				CLANG_WARN_CONSTANT_CONVERSION = YES;
				CLANG_WARN_DEPRECATED_OBJC_IMPLEMENTATIONS = YES;
				CLANG_WARN_DIRECT_OBJC_ISA_USAGE = YES_ERROR;
				CLANG_WARN_DOCUMENTATION_COMMENTS = YES;
				CLANG_WARN_EMPTY_BODY = YES;
				CLANG_WARN_ENUM_CONVERSION = YES;
				CLANG_WARN_INFINITE_RECURSION = YES;
				CLANG_WARN_INT_CONVERSION = YES;
				CLANG_WARN_NON_LITERAL_NULL_CONVERSION = YES;
				CLANG_WARN_OBJC_IMPLICIT_RETAIN_SELF = YES;
				CLANG_WARN_OBJC_LITERAL_CONVERSION = YES;
				CLANG_WARN_OBJC_ROOT_CLASS = YES_ERROR;
				CLANG_WARN_QUOTED_INCLUDE_IN_FRAMEWORK_HEADER = YES;
				CLANG_WARN_RANGE_LOOP_ANALYSIS = YES;
				CLANG_WARN_STRICT_PROTOTYPES = YES;
				CLANG_WARN_SUSPICIOUS_MOVE = YES;
				CLANG_WARN_UNGUARDED_AVAILABILITY = YES_AGGRESSIVE;
				CLANG_WARN_UNREACHABLE_CODE = YES;
				CLANG_WARN__DUPLICATE_METHOD_MATCH = YES;
				COPY_PHASE_STRIP = NO;
				DEBUG_INFORMATION_FORMAT = dwarf;
				ENABLE_STRICT_OBJC_MSGSEND = YES;
				ENABLE_TESTABILITY = YES;
				ENABLE_USER_SCRIPT_SANDBOXING = YES;
				GCC_C_LANGUAGE_STANDARD = gnu17;
				GCC_DYNAMIC_NO_PIC = NO;
				GCC_NO_COMMON_BLOCKS = YES;
				GCC_OPTIMIZATION_LEVEL = 0;
				GCC_PREPROCESSOR_DEFINITIONS = (
					"DEBUG=1",
					"$(inherited)",
				);
				GCC_WARN_64_TO_32_BIT_CONVERSION = YES;
				GCC_WARN_ABOUT_RETURN_TYPE = YES_ERROR;
				GCC_WARN_UNDECLARED_SELECTOR = YES;
				GCC_WARN_UNINITIALIZED_AUTOS = YES_AGGRESSIVE;
				GCC_WARN_UNUSED_FUNCTION = YES;
				GCC_WARN_UNUSED_VARIABLE = YES;
				IPHONEOS_DEPLOYMENT_TARGET = 17.0;
				LOCALIZATION_PREFERS_STRING_CATALOGS = YES;
				MTL_ENABLE_DEBUG_INFO = INCLUDE_SOURCE;
				MTL_FAST_MATH = YES;
				ONLY_ACTIVE_ARCH = YES;
				SDKROOT = iphoneos;
				SWIFT_ACTIVE_COMPILATION_CONDITIONS = "DEBUG $(inherited)";
				SWIFT_OPTIMIZATION_LEVEL = "-Onone";
			};
			name = Debug;
		};
		0DB1D0252BA18B0C006A528A /* Release */ = {
			isa = XCBuildConfiguration;
			buildSettings = {
				ALWAYS_SEARCH_USER_PATHS = NO;
				ASSETCATALOG_COMPILER_GENERATE_SWIFT_ASSET_SYMBOL_EXTENSIONS = YES;
				CLANG_ANALYZER_NONNULL = YES;
				CLANG_ANALYZER_NUMBER_OBJECT_CONVERSION = YES_AGGRESSIVE;
				CLANG_CXX_LANGUAGE_STANDARD = "gnu++20";
				CLANG_ENABLE_MODULES = YES;
				CLANG_ENABLE_OBJC_ARC = YES;
				CLANG_ENABLE_OBJC_WEAK = YES;
				CLANG_WARN_BLOCK_CAPTURE_AUTORELEASING = YES;
				CLANG_WARN_BOOL_CONVERSION = YES;
				CLANG_WARN_COMMA = YES;
				CLANG_WARN_CONSTANT_CONVERSION = YES;
				CLANG_WARN_DEPRECATED_OBJC_IMPLEMENTATIONS = YES;
				CLANG_WARN_DIRECT_OBJC_ISA_USAGE = YES_ERROR;
				CLANG_WARN_DOCUMENTATION_COMMENTS = YES;
				CLANG_WARN_EMPTY_BODY = YES;
				CLANG_WARN_ENUM_CONVERSION = YES;
				CLANG_WARN_INFINITE_RECURSION = YES;
				CLANG_WARN_INT_CONVERSION = YES;
				CLANG_WARN_NON_LITERAL_NULL_CONVERSION = YES;
				CLANG_WARN_OBJC_IMPLICIT_RETAIN_SELF = YES;
				CLANG_WARN_OBJC_LITERAL_CONVERSION = YES;
				CLANG_WARN_OBJC_ROOT_CLASS = YES_ERROR;
				CLANG_WARN_QUOTED_INCLUDE_IN_FRAMEWORK_HEADER = YES;
				CLANG_WARN_RANGE_LOOP_ANALYSIS = YES;
				CLANG_WARN_STRICT_PROTOTYPES = YES;
				CLANG_WARN_SUSPICIOUS_MOVE = YES;
				CLANG_WARN_UNGUARDED_AVAILABILITY = YES_AGGRESSIVE;
				CLANG_WARN_UNREACHABLE_CODE = YES;
				CLANG_WARN__DUPLICATE_METHOD_MATCH = YES;
				COPY_PHASE_STRIP = NO;
				DEBUG_INFORMATION_FORMAT = "dwarf-with-dsym";
				ENABLE_NS_ASSERTIONS = NO;
				ENABLE_STRICT_OBJC_MSGSEND = YES;
				ENABLE_USER_SCRIPT_SANDBOXING = YES;
				GCC_C_LANGUAGE_STANDARD = gnu17;
				GCC_NO_COMMON_BLOCKS = YES;
				GCC_WARN_64_TO_32_BIT_CONVERSION = YES;
				GCC_WARN_ABOUT_RETURN_TYPE = YES_ERROR;
				GCC_WARN_UNDECLARED_SELECTOR = YES;
				GCC_WARN_UNINITIALIZED_AUTOS = YES_AGGRESSIVE;
				GCC_WARN_UNUSED_FUNCTION = YES;
				GCC_WARN_UNUSED_VARIABLE = YES;
				IPHONEOS_DEPLOYMENT_TARGET = 17.0;
				LOCALIZATION_PREFERS_STRING_CATALOGS = YES;
				MTL_ENABLE_DEBUG_INFO = NO;
				MTL_FAST_MATH = YES;
				SDKROOT = iphoneos;
				SWIFT_COMPILATION_MODE = wholemodule;
				VALIDATE_PRODUCT = YES;
			};
			name = Release;
		};
		0DB1D0272BA18B0C006A528A /* Debug */ = {
			isa = XCBuildConfiguration;
			buildSettings = {
				ASSETCATALOG_COMPILER_APPICON_NAME = AppIcon;
				ASSETCATALOG_COMPILER_GLOBAL_ACCENT_COLOR_NAME = AccentColor;
				CODE_SIGN_ENTITLEMENTS = Compare/Compare.entitlements;
				CODE_SIGN_STYLE = Automatic;
				CURRENT_PROJECT_VERSION = 1;
				DEVELOPMENT_TEAM = A8B92KAFWM;
				GENERATE_INFOPLIST_FILE = YES;
				INFOPLIST_FILE = Compare/Info.plist;
				INFOPLIST_KEY_NSCameraUsageDescription = "Please provide access to camera";
				INFOPLIST_KEY_UIApplicationSupportsIndirectInputEvents = YES;
				INFOPLIST_KEY_UILaunchStoryboardName = LaunchScreen;
				INFOPLIST_KEY_UIMainStoryboardFile = Main;
				INFOPLIST_KEY_UISupportedInterfaceOrientations = UIInterfaceOrientationPortrait;
				INFOPLIST_KEY_UISupportedInterfaceOrientations_iPad = "UIInterfaceOrientationLandscapeLeft UIInterfaceOrientationLandscapeRight UIInterfaceOrientationPortrait UIInterfaceOrientationPortraitUpsideDown";
				INFOPLIST_KEY_UIUserInterfaceStyle = Light;
				LD_RUNPATH_SEARCH_PATHS = (
					"$(inherited)",
					"@executable_path/Frameworks",
				);
				MARKETING_VERSION = 1.0;
				PRODUCT_BUNDLE_IDENTIFIER = AanchalPatial.CompareIt;
				PRODUCT_NAME = "Compare-It";
				SWIFT_EMIT_LOC_STRINGS = YES;
				SWIFT_VERSION = 5.0;
				TARGETED_DEVICE_FAMILY = "1,2";
			};
			name = Debug;
		};
		0DB1D0282BA18B0C006A528A /* Release */ = {
			isa = XCBuildConfiguration;
			buildSettings = {
				ASSETCATALOG_COMPILER_APPICON_NAME = AppIcon;
				ASSETCATALOG_COMPILER_GLOBAL_ACCENT_COLOR_NAME = AccentColor;
				CODE_SIGN_ENTITLEMENTS = Compare/Compare.entitlements;
				CODE_SIGN_STYLE = Automatic;
				CURRENT_PROJECT_VERSION = 1;
				DEVELOPMENT_TEAM = A8B92KAFWM;
				GENERATE_INFOPLIST_FILE = YES;
				INFOPLIST_FILE = Compare/Info.plist;
				INFOPLIST_KEY_NSCameraUsageDescription = "Please provide access to camera";
				INFOPLIST_KEY_UIApplicationSupportsIndirectInputEvents = YES;
				INFOPLIST_KEY_UILaunchStoryboardName = LaunchScreen;
				INFOPLIST_KEY_UIMainStoryboardFile = Main;
				INFOPLIST_KEY_UISupportedInterfaceOrientations = UIInterfaceOrientationPortrait;
				INFOPLIST_KEY_UISupportedInterfaceOrientations_iPad = "UIInterfaceOrientationLandscapeLeft UIInterfaceOrientationLandscapeRight UIInterfaceOrientationPortrait UIInterfaceOrientationPortraitUpsideDown";
				INFOPLIST_KEY_UIUserInterfaceStyle = Light;
				LD_RUNPATH_SEARCH_PATHS = (
					"$(inherited)",
					"@executable_path/Frameworks",
				);
				MARKETING_VERSION = 1.0;
				PRODUCT_BUNDLE_IDENTIFIER = AanchalPatial.CompareIt;
				PRODUCT_NAME = "Compare-It";
				SWIFT_EMIT_LOC_STRINGS = YES;
				SWIFT_VERSION = 5.0;
				TARGETED_DEVICE_FAMILY = "1,2";
			};
			name = Release;
		};
/* End XCBuildConfiguration section */

/* Begin XCConfigurationList section */
		0DB1D00D2BA18B0B006A528A /* Build configuration list for PBXProject "Compare" */ = {
			isa = XCConfigurationList;
			buildConfigurations = (
				0DB1D0242BA18B0C006A528A /* Debug */,
				0DB1D0252BA18B0C006A528A /* Release */,
			);
			defaultConfigurationIsVisible = 0;
			defaultConfigurationName = Release;
		};
		0DB1D0262BA18B0C006A528A /* Build configuration list for PBXNativeTarget "Compare" */ = {
			isa = XCConfigurationList;
			buildConfigurations = (
				0DB1D0272BA18B0C006A528A /* Debug */,
				0DB1D0282BA18B0C006A528A /* Release */,
			);
			defaultConfigurationIsVisible = 0;
			defaultConfigurationName = Release;
		};
/* End XCConfigurationList section */

/* Begin XCRemoteSwiftPackageReference section */
		0D37B39D2BA30FA400023731 /* XCRemoteSwiftPackageReference "SkeletonView" */ = {
			isa = XCRemoteSwiftPackageReference;
			repositoryURL = "https://github.com/Juanpe/SkeletonView.git";
			requirement = {
				kind = upToNextMajorVersion;
				minimumVersion = 1.30.4;
			};
		};
		0D4D813F2BA7254C0059706D /* XCRemoteSwiftPackageReference "lottie-spm" */ = {
			isa = XCRemoteSwiftPackageReference;
			repositoryURL = "https://github.com/airbnb/lottie-spm.git";
			requirement = {
				kind = upToNextMajorVersion;
				minimumVersion = 4.4.1;
			};
		};
		0DB1D0292BA18B46006A528A /* XCRemoteSwiftPackageReference "generative-ai-swift" */ = {
			isa = XCRemoteSwiftPackageReference;
			repositoryURL = "https://github.com/google/generative-ai-swift";
			requirement = {
				kind = upToNextMajorVersion;
				minimumVersion = 0.4.8;
			};
		};
/* End XCRemoteSwiftPackageReference section */

/* Begin XCSwiftPackageProductDependency section */
		0D37B39E2BA30FA400023731 /* SkeletonView */ = {
			isa = XCSwiftPackageProductDependency;
			package = 0D37B39D2BA30FA400023731 /* XCRemoteSwiftPackageReference "SkeletonView" */;
			productName = SkeletonView;
		};
		0D4D81402BA7254C0059706D /* Lottie */ = {
			isa = XCSwiftPackageProductDependency;
			package = 0D4D813F2BA7254C0059706D /* XCRemoteSwiftPackageReference "lottie-spm" */;
			productName = Lottie;
		};
		0DB1D02A2BA18B46006A528A /* GoogleGenerativeAI */ = {
			isa = XCSwiftPackageProductDependency;
			package = 0DB1D0292BA18B46006A528A /* XCRemoteSwiftPackageReference "generative-ai-swift" */;
			productName = GoogleGenerativeAI;
		};
/* End XCSwiftPackageProductDependency section */
	};
	rootObject = 0DB1D00A2BA18B0B006A528A /* Project object */;
}
